
Microsoft Visual Studio Solution File, Format Version 12.00
# Visual Studio Version 16
VisualStudioVersion = 16.0.30011.22
MinimumVisualStudioVersion = 10.0.40219.1
Project("{9A19103F-16F7-4668-BE54-9A1E7A4F7556}") = "Slides", "Slides\Slides.csproj", "{F2FCFDC9-77A2-4665-B9B9-11B0592EB33E}"
EndProject
Project("{9A19103F-16F7-4668-BE54-9A1E7A4F7556}") = "SlidesVisualization", "SlidesVisualization\SlidesVisualization.csproj", "{A34E62B9-94BF-4A2E-A426-335B524C0BA4}"
EndProject
Project("{FAE04EC0-301F-11D3-BF4B-00C04F79EFBC}") = "SlidesTests", "SlidesTests\SlidesTests.csproj", "{9996F7F2-0959-4701-8221-7467A4D8306A}"
EndProject
Global
	GlobalSection(SolutionConfigurationPlatforms) = preSolution
		Debug|Any CPU = Debug|Any CPU
		Release|Any CPU = Release|Any CPU
	EndGlobalSection
	GlobalSection(ProjectConfigurationPlatforms) = postSolution
		{F2FCFDC9-77A2-4665-B9B9-11B0592EB33E}.Debug|Any CPU.ActiveCfg = Debug|Any CPU
		{F2FCFDC9-77A2-4665-B9B9-11B0592EB33E}.Debug|Any CPU.Build.0 = Debug|Any CPU
		{F2FCFDC9-77A2-4665-B9B9-11B0592EB33E}.Release|Any CPU.ActiveCfg = Release|Any CPU
		{F2FCFDC9-77A2-4665-B9B9-11B0592EB33E}.Release|Any CPU.Build.0 = Release|Any CPU
		{A34E62B9-94BF-4A2E-A426-335B524C0BA4}.Debug|Any CPU.ActiveCfg = Debug|Any CPU
		{A34E62B9-94BF-4A2E-A426-335B524C0BA4}.Debug|Any CPU.Build.0 = Debug|Any CPU
		{A34E62B9-94BF-4A2E-A426-335B524C0BA4}.Release|Any CPU.ActiveCfg = Release|Any CPU
		{A34E62B9-94BF-4A2E-A426-335B524C0BA4}.Release|Any CPU.Build.0 = Release|Any CPU
		{9996F7F2-0959-4701-8221-7467A4D8306A}.Debug|Any CPU.ActiveCfg = Debug|Any CPU
		{9996F7F2-0959-4701-8221-7467A4D8306A}.Debug|Any CPU.Build.0 = Debug|Any CPU
		{9996F7F2-0959-4701-8221-7467A4D8306A}.Release|Any CPU.ActiveCfg = Release|Any CPU
		{9996F7F2-0959-4701-8221-7467A4D8306A}.Release|Any CPU.Build.0 = Release|Any CPU
	EndGlobalSection
	GlobalSection(SolutionProperties) = preSolution
		HideSolutionNode = FALSE
	EndGlobalSection
	GlobalSection(ExtensibilityGlobals) = postSolution
		SolutionGuid = {532441E1-60D1-407C-959E-BE387DAE9ADD}
	EndGlobalSection
EndGlobal
